Microsoft Visual Studio Solution File, Format Version 12.00
# Visual Studio Version 17
VisualStudioVersion = 17.5.2.0
MinimumVisualStudioVersion = 10.0.40219.1
Project("{2150E333-8FDC-42A3-9474-1A3956D46DE8}") = "src", "src", "{827E0CD3-B72D-47B6-A68D-7590B98EB39B}"
EndProject
Project("{FAE04EC0-301F-11D3-BF4B-00C04F79EFBC}") = "Trackr.Api", "src\Trackr.Api\Trackr.Api.csproj", "{0BE8BA32-A7F5-3EE8-486A-13EF4F13234A}"
EndProject
Project("{2150E333-8FDC-42A3-9474-1A3956D46DE8}") = "tests", "tests", "{DB6855A1-2632-4B98-B7A7-056845DAB180}"
EndProject
Project("{FAE04EC0-301F-11D3-BF4B-00C04F79EFBC}") = "Trackr.Api.Tests", "tests\Trackr.Api.Tests\Trackr.Api.Tests.csproj", "{B3B4E2DB-07AF-42B5-8E59-804AB616AAB7}"
EndProject
Global
	GlobalSection(SolutionConfigurationPlatforms) = preSolution
		Debug|Any CPU = Debug|Any CPU
		Release|Any CPU = Release|Any CPU
	EndGlobalSection
	GlobalSection(ProjectConfigurationPlatforms) = postSolution
		{0BE8BA32-A7F5-3EE8-486A-13EF4F13234A}.Debug|Any CPU.ActiveCfg = Debug|Any CPU
		{0BE8BA32-A7F5-3EE8-486A-13EF4F13234A}.Debug|Any CPU.Build.0 = Debug|Any CPU
		{0BE8BA32-A7F5-3EE8-486A-13EF4F13234A}.Release|Any CPU.ActiveCfg = Release|Any CPU
		{0BE8BA32-A7F5-3EE8-486A-13EF4F13234A}.Release|Any CPU.Build.0 = Release|Any CPU
		{B3B4E2DB-07AF-42B5-8E59-804AB616AAB7}.Debug|Any CPU.ActiveCfg = Debug|Any CPU
		{B3B4E2DB-07AF-42B5-8E59-804AB616AAB7}.Debug|Any CPU.Build.0 = Debug|Any CPU
		{B3B4E2DB-07AF-42B5-8E59-804AB616AAB7}.Release|Any CPU.ActiveCfg = Release|Any CPU
		{B3B4E2DB-07AF-42B5-8E59-804AB616AAB7}.Release|Any CPU.Build.0 = Release|Any CPU
	EndGlobalSection
	GlobalSection(SolutionProperties) = preSolution
		HideSolutionNode = FALSE
	EndGlobalSection
	GlobalSection(NestedProjects) = preSolution
		{0BE8BA32-A7F5-3EE8-486A-13EF4F13234A} = {827E0CD3-B72D-47B6-A68D-7590B98EB39B}
		{B3B4E2DB-07AF-42B5-8E59-804AB616AAB7} = {DB6855A1-2632-4B98-B7A7-056845DAB180}
	EndGlobalSection
	GlobalSection(ExtensibilityGlobals) = postSolution
		SolutionGuid = {1C3B1DC7-BCF0-4485-9DF9-EDFD5D52D855}
	EndGlobalSection
EndGlobal
